
Microsoft Visual Studio Solution File, Format Version 12.00
# Visual Studio 2012
Project("{FAE04EC0-301F-11D3-BF4B-00C04F79EFBC}") = "ActiveCommerce.Migration.WishLists", "ActiveCommerce.Migration.WishLists\ActiveCommerce.Migration.WishLists.csproj", "{9D12C2B3-D9B4-45FA-8997-281A481DACE3}"
EndProject
Project("{CAA73BB0-EF22-4D79-A57E-DF67B3BA9C80}") = "ActiveCommerce.Migration.WishLists.Sitecore", "ActiveCommerce.Migration.WishLists.Sitecore\ActiveCommerce.Migration.WishLists.Sitecore.scproj", "{2F3B2372-9A63-4950-A515-CC47189A963A}"
EndProject
Project("{2150E333-8FDC-42A3-9474-1A3956D46DE8}") = ".tds", ".tds", "{D8273A97-3CE1-438A-91FA-82CD40219284}"
	ProjectSection(SolutionItems) = preProject
		TdsGlobal.config = TdsGlobal.config
	EndProjectSection
EndProject
Global
	GlobalSection(SolutionConfigurationPlatforms) = preSolution
		Debug|Any CPU = Debug|Any CPU
		Release|Any CPU = Release|Any CPU
	EndGlobalSection
	GlobalSection(ProjectConfigurationPlatforms) = postSolution
		{9D12C2B3-D9B4-45FA-8997-281A481DACE3}.Debug|Any CPU.ActiveCfg = Debug|Any CPU
		{9D12C2B3-D9B4-45FA-8997-281A481DACE3}.Debug|Any CPU.Build.0 = Debug|Any CPU
		{9D12C2B3-D9B4-45FA-8997-281A481DACE3}.Release|Any CPU.ActiveCfg = Release|Any CPU
		{9D12C2B3-D9B4-45FA-8997-281A481DACE3}.Release|Any CPU.Build.0 = Release|Any CPU
		{2F3B2372-9A63-4950-A515-CC47189A963A}.Debug|Any CPU.ActiveCfg = Debug|Any CPU
		{2F3B2372-9A63-4950-A515-CC47189A963A}.Debug|Any CPU.Build.0 = Debug|Any CPU
		{2F3B2372-9A63-4950-A515-CC47189A963A}.Debug|Any CPU.Deploy.0 = Debug|Any CPU
		{2F3B2372-9A63-4950-A515-CC47189A963A}.Release|Any CPU.ActiveCfg = Release|Any CPU
		{2F3B2372-9A63-4950-A515-CC47189A963A}.Release|Any CPU.Build.0 = Release|Any CPU
		{2F3B2372-9A63-4950-A515-CC47189A963A}.Release|Any CPU.Deploy.0 = Release|Any CPU
	EndGlobalSection
	GlobalSection(SolutionProperties) = preSolution
		HideSolutionNode = FALSE
	EndGlobalSection
EndGlobal
